
Microsoft Visual Studio Solution File, Format Version 12.00
# Visual Studio 15
VisualStudioVersion = 15.0.28307.645
MinimumVisualStudioVersion = 10.0.40219.1
Project("{FAE04EC0-301F-11D3-BF4B-00C04F79EFBC}") = "ProbabilityGameProject", "ProbabilityGameProject\ProbabilityGameProject.csproj", "{C34486C1-F451-4C6A-AB2E-6241FD97EADC}"
EndProject
Project("{54435603-DBB4-11D2-8724-00A0C9A8B90C}") = "Setup Server", "Setup Server\Setup Server\Setup Server.vdproj", "{2E94C9C1-F78F-469F-BF1A-B8F1FA1DD46F}"
EndProject
Global
	GlobalSection(SolutionConfigurationPlatforms) = preSolution
		Debug|Any CPU = Debug|Any CPU
		Release|Any CPU = Release|Any CPU
	EndGlobalSection
	GlobalSection(ProjectConfigurationPlatforms) = postSolution
		{C34486C1-F451-4C6A-AB2E-6241FD97EADC}.Debug|Any CPU.ActiveCfg = Debug|Any CPU
		{C34486C1-F451-4C6A-AB2E-6241FD97EADC}.Debug|Any CPU.Build.0 = Debug|Any CPU
		{C34486C1-F451-4C6A-AB2E-6241FD97EADC}.Release|Any CPU.ActiveCfg = Release|Any CPU
		{C34486C1-F451-4C6A-AB2E-6241FD97EADC}.Release|Any CPU.Build.0 = Release|Any CPU
		{2E94C9C1-F78F-469F-BF1A-B8F1FA1DD46F}.Debug|Any CPU.ActiveCfg = Debug
		{2E94C9C1-F78F-469F-BF1A-B8F1FA1DD46F}.Release|Any CPU.ActiveCfg = Release
	EndGlobalSection
	GlobalSection(SolutionProperties) = preSolution
		HideSolutionNode = FALSE
	EndGlobalSection
	GlobalSection(ExtensibilityGlobals) = postSolution
		SolutionGuid = {4995A6AE-D939-4571-A325-CF9ACF80FF8E}
	EndGlobalSection
EndGlobal
